lockfileVersion: '9.0'

settings:
  autoInstallPeers: true
  excludeLinksFromLockfile: false

importers:

  .:
    dependencies:
      consola:
        specifier: ^3.3.3
        version: 3.3.3

packages:

  consola@3.3.3:
    resolution: {integrity: sha512-Qil5KwghMzlqd51UXM0b6fyaGHtOC22scxrwrz4A2882LyUMwQjnvaedN1HAeXzphspQ6CpHkzMAWxBTUruDLg==}
    engines: {node: ^14.18.0 || >=16.10.0}

snapshots:

  consola@3.3.3: {}
